
Microsoft Visual Studio Solution File, Format Version 12.00
# Visual Studio Version 17
VisualStudioVersion = 17.5.33424.131
MinimumVisualStudioVersion = 10.0.40219.1
Project("{FAE04EC0-301F-11D3-BF4B-00C04F79EFBC}") = "PasswordHash", "PasswordHash\PasswordHash.csproj", "{4EAADBCC-2609-46FC-9903-198E4E9FEBA1}"
EndProject
Project("{FAE04EC0-301F-11D3-BF4B-00C04F79EFBC}") = "Benchmark", "Benchmark\Benchmark.csproj", "{99845C09-FD11-4484-813F-78DFAA42EC1A}"
EndProject
Global
	GlobalSection(SolutionConfigurationPlatforms) = preSolution
		Debug|Any CPU = Debug|Any CPU
		Release|Any CPU = Release|Any CPU
	EndGlobalSection
	GlobalSection(ProjectConfigurationPlatforms) = postSolution
		{4EAADBCC-2609-46FC-9903-198E4E9FEBA1}.Debug|Any CPU.ActiveCfg = Debug|Any CPU
		{4EAADBCC-2609-46FC-9903-198E4E9FEBA1}.Debug|Any CPU.Build.0 = Debug|Any CPU
		{4EAADBCC-2609-46FC-9903-198E4E9FEBA1}.Release|Any CPU.ActiveCfg = Release|Any CPU
		{4EAADBCC-2609-46FC-9903-198E4E9FEBA1}.Release|Any CPU.Build.0 = Release|Any CPU
		{99845C09-FD11-4484-813F-78DFAA42EC1A}.Debug|Any CPU.ActiveCfg = Debug|Any CPU
		{99845C09-FD11-4484-813F-78DFAA42EC1A}.Debug|Any CPU.Build.0 = Debug|Any CPU
		{99845C09-FD11-4484-813F-78DFAA42EC1A}.Release|Any CPU.ActiveCfg = Release|Any CPU
		{99845C09-FD11-4484-813F-78DFAA42EC1A}.Release|Any CPU.Build.0 = Release|Any CPU
	EndGlobalSection
	GlobalSection(SolutionProperties) = preSolution
		HideSolutionNode = FALSE
	EndGlobalSection
	GlobalSection(ExtensibilityGlobals) = postSolution
		SolutionGuid = {F53C944C-41C0-4C51-88AA-8B93C363FDCC}
	EndGlobalSection
EndGlobal
